
Microsoft Visual Studio Solution File, Format Version 12.00
# Visual Studio 14
VisualStudioVersion = 14.0.25420.1
MinimumVisualStudioVersion = 10.0.40219.1
Project("{FAE04EC0-301F-11D3-BF4B-00C04F79EFBC}") = "N64 Injector", "N64 Injector\N64 Injector.csproj", "{DC6B68D0-855A-4061-877D-D5312642239A}"
EndProject
Global
	GlobalSection(SolutionConfigurationPlatforms) = preSolution
		Debug|Any CPU = Debug|Any CPU
		Release|Any CPU = Release|Any CPU
	EndGlobalSection
	GlobalSection(ProjectConfigurationPlatforms) = postSolution
		{DC6B68D0-855A-4061-877D-D5312642239A}.Debug|Any CPU.ActiveCfg = Debug|Any CPU
		{DC6B68D0-855A-4061-877D-D5312642239A}.Debug|Any CPU.Build.0 = Debug|Any CPU
		{DC6B68D0-855A-4061-877D-D5312642239A}.Release|Any CPU.ActiveCfg = Release|Any CPU
		{DC6B68D0-855A-4061-877D-D5312642239A}.Release|Any CPU.Build.0 = Release|Any CPU
	EndGlobalSection
	GlobalSection(SolutionProperties) = preSolution
		HideSolutionNode = FALSE
	EndGlobalSection
EndGlobal
